hash: c541cfca2f5d147287710836af097d07e882584876e2ff75fda7c284abe530a9
updated: 2017-09-08T17:21:05.298572342-04:00
imports:
- name: github.com/boltdb/bolt
  version: e9cf4fae01b5a8ff89d0ec6b32f0d9c9f79aefdd
- name: github.com/decker502/dnspod-go
  version: f33a2c6040fc2550a631de7b3a53bddccdcd73fb
- name: github.com/golang/glog
  version: 44145f04b68cf362d9c4df2182967c2275eaefed
- name: github.com/pkg/errors
  version: ff09b135c25aae272398c51a07235b90a75aa4f0
- name: github.com/xenolf/lego
  version: 5dfe609afb1ebe9da97c9846d97a55415e5a5ccd
  subpackages:
  - acme
  - providers/dns/cloudflare
  - providers/dns/digitalocean
  - providers/dns/dnsimple
  - providers/dns/dnsmadeeasy
  - providers/dns/dnspod
  - providers/dns/dyn
  - providers/dns/gandi
  - providers/dns/googlecloud
  - providers/dns/linode
  - providers/dns/namecheap
  - providers/dns/ovh
  - providers/dns/pdns
  - providers/dns/rfc2136
  - providers/dns/route53
  - providers/dns/vultr
- name: k8s.io/client-go
  version: e121606b0d09b2e1c467183ee46217fa85a6b672
  subpackages:
  - pkg/api
  - pkg/api/unversioned
  - pkg/api/v1
  - pkg/apis/extensions/v1beta1
testImports: []
